
Microsoft Visual Studio Solution File, Format Version 12.00
# Visual Studio Version 16
VisualStudioVersion = 16.0.30709.132
MinimumVisualStudioVersion = 10.0.40219.1
Project("{FAE04EC0-301F-11D3-BF4B-00C04F79EFBC}") = "C_Sharp", "C_Sharp\C_Sharp.csproj", "{77DB3388-AB85-4BFF-8AAB-0D39D974896E}"
EndProject
Global
	GlobalSection(SolutionConfigurationPlatforms) = preSolution
		Debug|Any CPU = Debug|Any CPU
		Release|Any CPU = Release|Any CPU
	EndGlobalSection
	GlobalSection(ProjectConfigurationPlatforms) = postSolution
		{77DB3388-AB85-4BFF-8AAB-0D39D974896E}.Debug|Any CPU.ActiveCfg = Debug|Any CPU
		{77DB3388-AB85-4BFF-8AAB-0D39D974896E}.Debug|Any CPU.Build.0 = Debug|Any CPU
		{77DB3388-AB85-4BFF-8AAB-0D39D974896E}.Release|Any CPU.ActiveCfg = Release|Any CPU
		{77DB3388-AB85-4BFF-8AAB-0D39D974896E}.Release|Any CPU.Build.0 = Release|Any CPU
	EndGlobalSection
	GlobalSection(SolutionProperties) = preSolution
		HideSolutionNode = FALSE
	EndGlobalSection
	GlobalSection(ExtensibilityGlobals) = postSolution
		SolutionGuid = {22700B80-889E-41DF-AC46-DCEB51A71C16}
	EndGlobalSection
EndGlobal
