
Microsoft Visual Studio Solution File, Format Version 12.00
# Visual Studio Version 16
VisualStudioVersion = 16.0.30711.63
MinimumVisualStudioVersion = 10.0.40219.1
Project("{FAE04EC0-301F-11D3-BF4B-00C04F79EFBC}") = "WindowsFormsApp4", "WindowsFormsApp4\WindowsFormsApp4.csproj", "{5A173F86-4FD6-47EB-B2D9-FA2554EC11A6}"
EndProject
Global
	GlobalSection(SolutionConfigurationPlatforms) = preSolution
		Debug|Any CPU = Debug|Any CPU
		Release|Any CPU = Release|Any CPU
	EndGlobalSection
	GlobalSection(ProjectConfigurationPlatforms) = postSolution
		{5A173F86-4FD6-47EB-B2D9-FA2554EC11A6}.Debug|Any CPU.ActiveCfg = Debug|Any CPU
		{5A173F86-4FD6-47EB-B2D9-FA2554EC11A6}.Debug|Any CPU.Build.0 = Debug|Any CPU
		{5A173F86-4FD6-47EB-B2D9-FA2554EC11A6}.Release|Any CPU.ActiveCfg = Release|Any CPU
		{5A173F86-4FD6-47EB-B2D9-FA2554EC11A6}.Release|Any CPU.Build.0 = Release|Any CPU
	EndGlobalSection
	GlobalSection(SolutionProperties) = preSolution
		HideSolutionNode = FALSE
	EndGlobalSection
	GlobalSection(ExtensibilityGlobals) = postSolution
		SolutionGuid = {0EA1CDBA-FC8E-41A6-9517-1E406E4E2C9A}
	EndGlobalSection
EndGlobal
