
Microsoft Visual Studio Solution File, Format Version 12.00
# Visual Studio Version 16
VisualStudioVersion = 16.0.30711.63
MinimumVisualStudioVersion = 10.0.40219.1
Project("{FAE04EC0-301F-11D3-BF4B-00C04F79EFBC}") = "WindowsFormsApp2", "WindowsFormsApp2\WindowsFormsApp2.csproj", "{B7E97786-2A84-4DCA-A2A4-72880B25B0B0}"
EndProject
Global
	GlobalSection(SolutionConfigurationPlatforms) = preSolution
		Debug|Any CPU = Debug|Any CPU
		Release|Any CPU = Release|Any CPU
	EndGlobalSection
	GlobalSection(ProjectConfigurationPlatforms) = postSolution
		{B7E97786-2A84-4DCA-A2A4-72880B25B0B0}.Debug|Any CPU.ActiveCfg = Debug|Any CPU
		{B7E97786-2A84-4DCA-A2A4-72880B25B0B0}.Debug|Any CPU.Build.0 = Debug|Any CPU
		{B7E97786-2A84-4DCA-A2A4-72880B25B0B0}.Release|Any CPU.ActiveCfg = Release|Any CPU
		{B7E97786-2A84-4DCA-A2A4-72880B25B0B0}.Release|Any CPU.Build.0 = Release|Any CPU
	EndGlobalSection
	GlobalSection(SolutionProperties) = preSolution
		HideSolutionNode = FALSE
	EndGlobalSection
	GlobalSection(ExtensibilityGlobals) = postSolution
		SolutionGuid = {520764BF-45F5-48AC-8E88-38CEB05E92EA}
	EndGlobalSection
EndGlobal
