
Microsoft Visual Studio Solution File, Format Version 12.00
# Visual Studio Version 16
VisualStudioVersion = 16.0.30711.63
MinimumVisualStudioVersion = 10.0.40219.1
Project("{FAE04EC0-301F-11D3-BF4B-00C04F79EFBC}") = "C_Sharp4", "C_Sharp4\C_Sharp4.csproj", "{79DA64AD-429E-40AA-A1B5-CC6A937A0E7E}"
EndProject
Global
	GlobalSection(SolutionConfigurationPlatforms) = preSolution
		Debug|Any CPU = Debug|Any CPU
		Release|Any CPU = Release|Any CPU
	EndGlobalSection
	GlobalSection(ProjectConfigurationPlatforms) = postSolution
		{79DA64AD-429E-40AA-A1B5-CC6A937A0E7E}.Debug|Any CPU.ActiveCfg = Debug|Any CPU
		{79DA64AD-429E-40AA-A1B5-CC6A937A0E7E}.Debug|Any CPU.Build.0 = Debug|Any CPU
		{79DA64AD-429E-40AA-A1B5-CC6A937A0E7E}.Release|Any CPU.ActiveCfg = Release|Any CPU
		{79DA64AD-429E-40AA-A1B5-CC6A937A0E7E}.Release|Any CPU.Build.0 = Release|Any CPU
	EndGlobalSection
	GlobalSection(SolutionProperties) = preSolution
		HideSolutionNode = FALSE
	EndGlobalSection
	GlobalSection(ExtensibilityGlobals) = postSolution
		SolutionGuid = {5A2329D6-EDF3-47D2-B1C7-17AE84A1401D}
	EndGlobalSection
EndGlobal
